{
  "name": "tyeif",
  "version": "1.0.0",
  "lockfileVersion": 2,
  "requires": true,
  "packages": {
    "": {
      "name": "tyeif",
      "version": "1.0.0",
      "hasInstallScript": true,
      "license": "ISC",
      "devDependencies": {
        "es-module-shims": "1.7.0",
        "html-to-image": "1.11.11",
        "typescript": "5.0.0-beta"
      }
    },
    "node_modules/es-module-shims": {
      "version": "1.7.0",
      "resolved": "https://registry.npmjs.org/es-module-shims/-/es-module-shims-1.7.0.tgz",
      "integrity": "sha512-0ZOzdZjwYqpzTXX4r6kVG3qM6iIBI41kyVrnnWZiN18k/7VQZOq8HMPdT8rNfz7A29iQNegQh0aqpFGMt4Cjow==",
      "dev": true
    },
    "node_modules/html-to-image": {
      "version": "1.11.11",
      "resolved": "https://registry.npmjs.org/html-to-image/-/html-to-image-1.11.11.tgz",
      "integrity": "sha512-9gux8QhvjRO/erSnDPv28noDZcPZmYE7e1vFsBLKLlRlKDSqNJYebj6Qz1TGd5lsRV+X+xYyjCKjuZdABinWjA==",
      "dev": true
    },
    "node_modules/typescript": {
      "version": "5.0.0-beta",
      "resolved": "https://registry.npmjs.org/typescript/-/typescript-5.0.0-beta.tgz",
      "integrity": "sha512-+SSabbSXG5mtF+QGdV9uXXt9Saq1cSyI6hSG7znhaLoquleJpnmfkwSxFngK9c2fWWi1W/263TuzXQOsIcdjjA==",
      "dev": true,
      "bin": {
        "tsc": "bin/tsc",
        "tsserver": "bin/tsserver"
      },
      "engines": {
        "node": ">=4.2.0"
      }
    }
  },
  "dependencies": {
    "es-module-shims": {
      "version": "1.7.0",
      "resolved": "https://registry.npmjs.org/es-module-shims/-/es-module-shims-1.7.0.tgz",
      "integrity": "sha512-0ZOzdZjwYqpzTXX4r6kVG3qM6iIBI41kyVrnnWZiN18k/7VQZOq8HMPdT8rNfz7A29iQNegQh0aqpFGMt4Cjow==",
      "dev": true
    },
    "html-to-image": {
      "version": "1.11.11",
      "resolved": "https://registry.npmjs.org/html-to-image/-/html-to-image-1.11.11.tgz",
      "integrity": "sha512-9gux8QhvjRO/erSnDPv28noDZcPZmYE7e1vFsBLKLlRlKDSqNJYebj6Qz1TGd5lsRV+X+xYyjCKjuZdABinWjA==",
      "dev": true
    },
    "typescript": {
      "version": "5.0.0-beta",
      "resolved": "https://registry.npmjs.org/typescript/-/typescript-5.0.0-beta.tgz",
      "integrity": "sha512-+SSabbSXG5mtF+QGdV9uXXt9Saq1cSyI6hSG7znhaLoquleJpnmfkwSxFngK9c2fWWi1W/263TuzXQOsIcdjjA==",
      "dev": true
    }
  }
}
